
Microsoft Visual Studio Solution File, Format Version 12.00
# Visual Studio Version 17
VisualStudioVersion = 17.1.32210.238
MinimumVisualStudioVersion = 10.0.40219.1
Project("{9A19103F-16F7-4668-BE54-9A1E7A4F7556}") = "EFCoreMovies", "EFCoreMovies\EFCoreMovies.csproj", "{E9F7289B-95D8-4445-B576-7D40975C389D}"
EndProject
Project("{FAE04EC0-301F-11D3-BF4B-00C04F79EFBC}") = "EFCoreMoviesTests", "EFCoreMoviesTests\EFCoreMoviesTests.csproj", "{31B8C7B1-56E5-420F-B809-310CC2113B7B}"
EndProject
Global
	GlobalSection(SolutionConfigurationPlatforms) = preSolution
		Debug|Any CPU = Debug|Any CPU
		Release|Any CPU = Release|Any CPU
	EndGlobalSection
	GlobalSection(ProjectConfigurationPlatforms) = postSolution
		{E9F7289B-95D8-4445-B576-7D40975C389D}.Debug|Any CPU.ActiveCfg = Debug|Any CPU
		{E9F7289B-95D8-4445-B576-7D40975C389D}.Debug|Any CPU.Build.0 = Debug|Any CPU
		{E9F7289B-95D8-4445-B576-7D40975C389D}.Release|Any CPU.ActiveCfg = Release|Any CPU
		{E9F7289B-95D8-4445-B576-7D40975C389D}.Release|Any CPU.Build.0 = Release|Any CPU
		{31B8C7B1-56E5-420F-B809-310CC2113B7B}.Debug|Any CPU.ActiveCfg = Debug|Any CPU
		{31B8C7B1-56E5-420F-B809-310CC2113B7B}.Debug|Any CPU.Build.0 = Debug|Any CPU
		{31B8C7B1-56E5-420F-B809-310CC2113B7B}.Release|Any CPU.ActiveCfg = Release|Any CPU
		{31B8C7B1-56E5-420F-B809-310CC2113B7B}.Release|Any CPU.Build.0 = Release|Any CPU
	EndGlobalSection
	GlobalSection(SolutionProperties) = preSolution
		HideSolutionNode = FALSE
	EndGlobalSection
	GlobalSection(ExtensibilityGlobals) = postSolution
		SolutionGuid = {EA72CB0B-9D3D-46AE-ADFB-D56AEB3582B8}
	EndGlobalSection
EndGlobal
